// !$*UTF8*$!
{
	archiveVersion = 1;
	classes = {
	};
	objectVersion = 46;
	objects = {

/* Begin PBXBuildFile section */
		BB12585A22B63FF918601D1D /* Pods_UvaDining.framework in Frameworks */ = {isa = PBXBuildFile; fileRef = F38DD0CCA056C8E84A74F040 /* Pods_UvaDining.framework */; };
		C30708771D074120006305B5 /* ViewControllerAbout.swift in Sources */ = {isa = PBXBuildFile; fileRef = C30708761D074120006305B5 /* ViewControllerAbout.swift */; };
		C30708791D076BBC006305B5 /* Constants.swift in Sources */ = {isa = PBXBuildFile; fileRef = C30708781D076BBC006305B5 /* Constants.swift */; };
		C307087C1D07AD9F006305B5 /* ViewControllerSelection.swift in Sources */ = {isa = PBXBuildFile; fileRef = C307087B1D07AD9F006305B5 /* ViewControllerSelection.swift */; };
		C30A498E1CF23A070048A0DC /* CloudKit.framework in Frameworks */ = {isa = PBXBuildFile; fileRef = C30A498D1CF23A070048A0DC /* CloudKit.framework */; };
		C36F1A8D1D5BC6C7006A462E /* NavigationControllerSubClass.swift in Sources */ = {isa = PBXBuildFile; fileRef = C36F1A8C1D5BC6C7006A462E /* NavigationControllerSubClass.swift */; };
		C38EE4471D402DA300D27885 /* MIResizableTableView.m in Sources */ = {isa = PBXBuildFile; fileRef = C38EE4461D402DA300D27885 /* MIResizableTableView.m */; };
		C38EE44B1D402E6E00D27885 /* MIResizableTableViewSectionHeader.m in Sources */ = {isa = PBXBuildFile; fileRef = C38EE44A1D402E6E00D27885 /* MIResizableTableViewSectionHeader.m */; };
		C38EE44D1D402E8A00D27885 /* MIResizableTableViewSectionHeader.xib in Resources */ = {isa = PBXBuildFile; fileRef = C38EE44C1D402E8A00D27885 /* MIResizableTableViewSectionHeader.xib */; };
		C38EE44F1D4090BF00D27885 /* ViewControllerMenu.swift in Sources */ = {isa = PBXBuildFile; fileRef = C38EE44E1D4090BF00D27885 /* ViewControllerMenu.swift */; };
		C38EE4541D43FD0B00D27885 /* ProductTableViewCell.m in Sources */ = {isa = PBXBuildFile; fileRef = C38EE4521D43FD0B00D27885 /* ProductTableViewCell.m */; };
		C38EE4551D43FD0B00D27885 /* ProductTableViewCell.xib in Resources */ = {isa = PBXBuildFile; fileRef = C38EE4531D43FD0B00D27885 /* ProductTableViewCell.xib */; };
		C38EE45B1D44015E00D27885 /* CategoryView.m in Sources */ = {isa = PBXBuildFile; fileRef = C38EE4591D44015E00D27885 /* CategoryView.m */; };
		C38EE45C1D44015E00D27885 /* CategoryView.xib in Resources */ = {isa = PBXBuildFile; fileRef = C38EE45A1D44015E00D27885 /* CategoryView.xib */; };
		C3ACD9751CD1B562007233BA /* Extensions.swift in Sources */ = {isa = PBXBuildFile; fileRef = C3ACD9741CD1B562007233BA /* Extensions.swift */; };
		C3ACD9771CD6C5FF007233BA /* TableView.swift in Sources */ = {isa = PBXBuildFile; fileRef = C3ACD9761CD6C5FF007233BA /* TableView.swift */; };
		C3ACD97B1CD6E618007233BA /* Main.storyboard in Resources */ = {isa = PBXBuildFile; fileRef = C3ACD97A1CD6E618007233BA /* Main.storyboard */; };
		C3B192E61C6C2D0C004A8704 /* AppDelegate.swift in Sources */ = {isa = PBXBuildFile; fileRef = C3B192E51C6C2D0C004A8704 /* AppDelegate.swift */; };
		C3B192ED1C6C2D0C004A8704 /* Assets.xcassets in Resources */ = {isa = PBXBuildFile; fileRef = C3B192EC1C6C2D0C004A8704 /* Assets.xcassets */; };
		C3B192F01C6C2D0C004A8704 /* LaunchScreen.storyboard in Resources */ = {isa = PBXBuildFile; fileRef = C3B192EE1C6C2D0C004A8704 /* LaunchScreen.storyboard */; };
		C3B192FB1C6C2D0C004A8704 /* UvaDiningTests.swift in Sources */ = {isa = PBXBuildFile; fileRef = C3B192FA1C6C2D0C004A8704 /* UvaDiningTests.swift */; };
		C3B193061C6C2D0C004A8704 /* UvaDiningUITests.swift in Sources */ = {isa = PBXBuildFile; fileRef = C3B193051C6C2D0C004A8704 /* UvaDiningUITests.swift */; };
		C3D1887A1CFCCD0E0094BCDC /* Model.swift in Sources */ = {isa = PBXBuildFile; fileRef = C3D188791CFCCD0E0094BCDC /* Model.swift */; };
		C3DBB80D1CEAB7110034AA52 /* Parent.swift in Sources */ = {isa = PBXBuildFile; fileRef = C3DBB80C1CEAB7110034AA52 /* Parent.swift */; };
/* End PBXBuildFile section */

/* Begin PBXContainerItemProxy section */
		C3B192F71C6C2D0C004A8704 /* PBXContainerItemProxy */ = {
			isa = PBXContainerItemProxy;
			containerPortal = C3B192DA1C6C2D0C004A8704 /* Project object */;
			proxyType = 1;
			remoteGlobalIDString = C3B192E11C6C2D0C004A8704;
			remoteInfo = UvaDining;
		};
		C3B193021C6C2D0C004A8704 /* PBXContainerItemProxy */ = {
			isa = PBXContainerItemProxy;
			containerPortal = C3B192DA1C6C2D0C004A8704 /* Project object */;
			proxyType = 1;
			remoteGlobalIDString = C3B192E11C6C2D0C004A8704;
			remoteInfo = UvaDining;
		};
/* End PBXContainerItemProxy section */

/* Begin PBXFileReference section */
		99DF1BC849107251DC87256D /* Pods.framework */ = {isa = PBXFileReference; explicitFileType = wrapper.framework; includeInIndex = 0; path = Pods.framework; sourceTree = BUILT_PRODUCTS_DIR; };
		A859E333E49F6B2AFF40CF0C /* Pods-UvaDining.release.xcconfig */ = {isa = PBXFileReference; includeInIndex = 1; lastKnownFileType = text.xcconfig; name = "Pods-UvaDining.release.xcconfig"; path = "Pods/Target Support Files/Pods-UvaDining/Pods-UvaDining.release.xcconfig"; sourceTree = "<group>"; };
		ABFB61040CCA70BB90B283A1 /* Pods-UvaDining.debug.xcconfig */ = {isa = PBXFileReference; includeInIndex = 1; lastKnownFileType = text.xcconfig; name = "Pods-UvaDining.debug.xcconfig"; path = "Pods/Target Support Files/Pods-UvaDining/Pods-UvaDining.debug.xcconfig"; sourceTree = "<group>"; };
		C30708761D074120006305B5 /* ViewControllerAbout.swift */ = {isa = PBXFileReference; fileEncoding = 4; lastKnownFileType = sourcecode.swift; path = ViewControllerAbout.swift; sourceTree = "<group>"; };
		C30708781D076BBC006305B5 /* Constants.swift */ = {isa = PBXFileReference; fileEncoding = 4; lastKnownFileType = sourcecode.swift; path = Constants.swift; sourceTree = "<group>"; };
		C307087B1D07AD9F006305B5 /* ViewControllerSelection.swift */ = {isa = PBXFileReference; fileEncoding = 4; lastKnownFileType = sourcecode.swift; path = ViewControllerSelection.swift; sourceTree = "<group>"; };
		C30A498C1CF239CD0048A0DC /* UvaDining.entitlements */ = {isa = PBXFileReference; lastKnownFileType = text.xml; path = UvaDining.entitlements; sourceTree = "<group>"; };
		C30A498D1CF23A070048A0DC /* CloudKit.framework */ = {isa = PBXFileReference; lastKnownFileType = wrapper.framework; name = CloudKit.framework; path = System/Library/Frameworks/CloudKit.framework; sourceTree = SDKROOT; };
		C36F1A8C1D5BC6C7006A462E /* NavigationControllerSubClass.swift */ = {isa = PBXFileReference; fileEncoding = 4; lastKnownFileType = sourcecode.swift; path = NavigationControllerSubClass.swift; sourceTree = "<group>"; };
		C38EE4451D402D9500D27885 /* MIResizableTableView.h */ = {isa = PBXFileReference; lastKnownFileType = sourcecode.c.h; path = MIResizableTableView.h; sourceTree = "<group>"; };
		C38EE4461D402DA300D27885 /* MIResizableTableView.m */ = {isa = PBXFileReference; fileEncoding = 4; lastKnownFileType = sourcecode.c.objc; path = MIResizableTableView.m; sourceTree = "<group>"; };
		C38EE4491D402E5F00D27885 /* MIResizableTableViewSectionHeader.h */ = {isa = PBXFileReference; lastKnownFileType = sourcecode.c.h; path = MIResizableTableViewSectionHeader.h; sourceTree = "<group>"; };
		C38EE44A1D402E6E00D27885 /* MIResizableTableViewSectionHeader.m */ = {isa = PBXFileReference; fileEncoding = 4; lastKnownFileType = sourcecode.c.objc; path = MIResizableTableViewSectionHeader.m; sourceTree = "<group>"; };
		C38EE44C1D402E8A00D27885 /* MIResizableTableViewSectionHeader.xib */ = {isa = PBXFileReference; fileEncoding = 4; lastKnownFileType = file.xib; path = MIResizableTableViewSectionHeader.xib; sourceTree = "<group>"; };
		C38EE44E1D4090BF00D27885 /* ViewControllerMenu.swift */ = {isa = PBXFileReference; fileEncoding = 4; lastKnownFileType = sourcecode.swift; path = ViewControllerMenu.swift; sourceTree = "<group>"; };
		C38EE4511D43FD0B00D27885 /* ProductTableViewCell.h */ = {isa = PBXFileReference; fileEncoding = 4; lastKnownFileType = sourcecode.c.h; path = ProductTableViewCell.h; sourceTree = "<group>"; };
		C38EE4521D43FD0B00D27885 /* ProductTableViewCell.m */ = {isa = PBXFileReference; fileEncoding = 4; lastKnownFileType = sourcecode.c.objc; path = ProductTableViewCell.m; sourceTree = "<group>"; };
		C38EE4531D43FD0B00D27885 /* ProductTableViewCell.xib */ = {isa = PBXFileReference; fileEncoding = 4; lastKnownFileType = file.xib; path = ProductTableViewCell.xib; sourceTree = "<group>"; };
		C38EE4581D44015E00D27885 /* CategoryView.h */ = {isa = PBXFileReference; fileEncoding = 4; lastKnownFileType = sourcecode.c.h; path = CategoryView.h; sourceTree = "<group>"; };
		C38EE4591D44015E00D27885 /* CategoryView.m */ = {isa = PBXFileReference; fileEncoding = 4; lastKnownFileType = sourcecode.c.objc; path = CategoryView.m; sourceTree = "<group>"; };
		C38EE45A1D44015E00D27885 /* CategoryView.xib */ = {isa = PBXFileReference; fileEncoding = 4; lastKnownFileType = file.xib; path = CategoryView.xib; sourceTree = "<group>"; };
		C3ACD9711CC5B921007233BA /* UvaDining-Bridging-Header.h */ = {isa = PBXFileReference; lastKnownFileType = sourcecode.c.h; path = "UvaDining-Bridging-Header.h"; sourceTree = "<group>"; };
		C3ACD9741CD1B562007233BA /* Extensions.swift */ = {isa = PBXFileReference; fileEncoding = 4; lastKnownFileType = sourcecode.swift; path = Extensions.swift; sourceTree = "<group>"; };
		C3ACD9761CD6C5FF007233BA /* TableView.swift */ = {isa = PBXFileReference; fileEncoding = 4; lastKnownFileType = sourcecode.swift; path = TableView.swift; sourceTree = "<group>"; };
		C3ACD97A1CD6E618007233BA /* Main.storyboard */ = {isa = PBXFileReference; fileEncoding = 4; lastKnownFileType = file.storyboard; path = Main.storyboard; sourceTree = "<group>"; };
		C3B192E21C6C2D0C004A8704 /* UvaDining.app */ = {isa = PBXFileReference; explicitFileType = wrapper.application; includeInIndex = 0; path = UvaDining.app; sourceTree = BUILT_PRODUCTS_DIR; };
		C3B192E51C6C2D0C004A8704 /* AppDelegate.swift */ = {isa = PBXFileReference; lastKnownFileType = sourcecode.swift; path = AppDelegate.swift; sourceTree = "<group>"; };
		C3B192EC1C6C2D0C004A8704 /* Assets.xcassets */ = {isa = PBXFileReference; lastKnownFileType = folder.assetcatalog; path = Assets.xcassets; sourceTree = "<group>"; };
		C3B192EF1C6C2D0C004A8704 /* Base */ = {isa = PBXFileReference; lastKnownFileType = file.storyboard; name = Base; path = Base.lproj/LaunchScreen.storyboard; sourceTree = "<group>"; };
		C3B192F11C6C2D0C004A8704 /* Info.plist */ = {isa = PBXFileReference; lastKnownFileType = text.plist.xml; path = Info.plist; sourceTree = "<group>"; };
		C3B192F61C6C2D0C004A8704 /* UvaDiningTests.xctest */ = {isa = PBXFileReference; explicitFileType = wrapper.cfbundle; includeInIndex = 0; path = UvaDiningTests.xctest; sourceTree = BUILT_PRODUCTS_DIR; };
		C3B192FA1C6C2D0C004A8704 /* UvaDiningTests.swift */ = {isa = PBXFileReference; lastKnownFileType = sourcecode.swift; path = UvaDiningTests.swift; sourceTree = "<group>"; };
		C3B192FC1C6C2D0C004A8704 /* Info.plist */ = {isa = PBXFileReference; lastKnownFileType = text.plist.xml; path = Info.plist; sourceTree = "<group>"; };
		C3B193011C6C2D0C004A8704 /* UvaDiningUITests.xctest */ = {isa = PBXFileReference; explicitFileType = wrapper.cfbundle; includeInIndex = 0; path = UvaDiningUITests.xctest; sourceTree = BUILT_PRODUCTS_DIR; };
		C3B193051C6C2D0C004A8704 /* UvaDiningUITests.swift */ = {isa = PBXFileReference; lastKnownFileType = sourcecode.swift; path = UvaDiningUITests.swift; sourceTree = "<group>"; };
		C3B193071C6C2D0C004A8704 /* Info.plist */ = {isa = PBXFileReference; lastKnownFileType = text.plist.xml; path = Info.plist; sourceTree = "<group>"; };
		C3D188791CFCCD0E0094BCDC /* Model.swift */ = {isa = PBXFileReference; fileEncoding = 4; lastKnownFileType = sourcecode.swift; path = Model.swift; sourceTree = "<group>"; };
		C3DBB80C1CEAB7110034AA52 /* Parent.swift */ = {isa = PBXFileReference; fileEncoding = 4; lastKnownFileType = sourcecode.swift; path = Parent.swift; sourceTree = "<group>"; };
		F38DD0CCA056C8E84A74F040 /* Pods_UvaDining.framework */ = {isa = PBXFileReference; explicitFileType = wrapper.framework; includeInIndex = 0; path = Pods_UvaDining.framework; sourceTree = BUILT_PRODUCTS_DIR; };
/* End PBXFileReference section */

/* Begin PBXFrameworksBuildPhase section */
		C3B192DF1C6C2D0C004A8704 /* Frameworks */ = {
			isa = PBXFrameworksBuildPhase;
			buildActionMask = 2147483647;
			files = (
				C30A498E1CF23A070048A0DC /* CloudKit.framework in Frameworks */,
				BB12585A22B63FF918601D1D /* Pods_UvaDining.framework in Frameworks */,
			);
			runOnlyForDeploymentPostprocessing = 0;
		};
		C3B192F31C6C2D0C004A8704 /* Frameworks */ = {
			isa = PBXFrameworksBuildPhase;
			buildActionMask = 2147483647;
			files = (
			);
			runOnlyForDeploymentPostprocessing = 0;
		};
		C3B192FE1C6C2D0C004A8704 /* Frameworks */ = {
			isa = PBXFrameworksBuildPhase;
			buildActionMask = 2147483647;
			files = (
			);
			runOnlyForDeploymentPostprocessing = 0;
		};
/* End PBXFrameworksBuildPhase section */

/* Begin PBXGroup section */
		10D5CFA494D8B7C5EFCB988C /* Pods */ = {
			isa = PBXGroup;
			children = (
				ABFB61040CCA70BB90B283A1 /* Pods-UvaDining.debug.xcconfig */,
				A859E333E49F6B2AFF40CF0C /* Pods-UvaDining.release.xcconfig */,
			);
			name = Pods;
			sourceTree = "<group>";
		};
		1F7CE8965C77A502BD11D303 /* Frameworks */ = {
			isa = PBXGroup;
			children = (
				C30A498D1CF23A070048A0DC /* CloudKit.framework */,
				99DF1BC849107251DC87256D /* Pods.framework */,
				F38DD0CCA056C8E84A74F040 /* Pods_UvaDining.framework */,
			);
			name = Frameworks;
			sourceTree = "<group>";
		};
		C307087A1D07AD63006305B5 /* ViewControllers */ = {
			isa = PBXGroup;
			children = (
				C30708761D074120006305B5 /* ViewControllerAbout.swift */,
				C307087B1D07AD9F006305B5 /* ViewControllerSelection.swift */,
				C38EE44E1D4090BF00D27885 /* ViewControllerMenu.swift */,
				C36F1A8C1D5BC6C7006A462E /* NavigationControllerSubClass.swift */,
			);
			name = ViewControllers;
			sourceTree = "<group>";
		};
		C38EE4481D402DC700D27885 /* MIResizabeleTableView */ = {
			isa = PBXGroup;
			children = (
				C38EE4571D44015E00D27885 /* CategoryView */,
				C38EE4561D43FD3200D27885 /* SectionHeader */,
				C38EE4501D43FD0B00D27885 /* ProductCell */,
				C38EE4451D402D9500D27885 /* MIResizableTableView.h */,
				C38EE4461D402DA300D27885 /* MIResizableTableView.m */,
			);
			name = MIResizabeleTableView;
			sourceTree = "<group>";
		};
		C38EE4501D43FD0B00D27885 /* ProductCell */ = {
			isa = PBXGroup;
			children = (
				C38EE4511D43FD0B00D27885 /* ProductTableViewCell.h */,
				C38EE4521D43FD0B00D27885 /* ProductTableViewCell.m */,
				C38EE4531D43FD0B00D27885 /* ProductTableViewCell.xib */,
			);
			path = ProductCell;
			sourceTree = "<group>";
		};
		C38EE4561D43FD3200D27885 /* SectionHeader */ = {
			isa = PBXGroup;
			children = (
				C38EE44A1D402E6E00D27885 /* MIResizableTableViewSectionHeader.m */,
				C38EE4491D402E5F00D27885 /* MIResizableTableViewSectionHeader.h */,
				C38EE44C1D402E8A00D27885 /* MIResizableTableViewSectionHeader.xib */,
			);
			name = SectionHeader;
			sourceTree = "<group>";
		};
		C38EE4571D44015E00D27885 /* CategoryView */ = {
			isa = PBXGroup;
			children = (
				C38EE4581D44015E00D27885 /* CategoryView.h */,
				C38EE4591D44015E00D27885 /* CategoryView.m */,
				C38EE45A1D44015E00D27885 /* CategoryView.xib */,
			);
			path = CategoryView;
			sourceTree = "<group>";
		};
		C3B192D91C6C2D0C004A8704 = {
			isa = PBXGroup;
			children = (
				C38EE4481D402DC700D27885 /* MIResizabeleTableView */,
				C3B192E41C6C2D0C004A8704 /* UvaDining */,
				C3B192F91C6C2D0C004A8704 /* UvaDiningTests */,
				C3B193041C6C2D0C004A8704 /* UvaDiningUITests */,
				C3B192E31C6C2D0C004A8704 /* Products */,
				1F7CE8965C77A502BD11D303 /* Frameworks */,
				C3ACD9711CC5B921007233BA /* UvaDining-Bridging-Header.h */,
				10D5CFA494D8B7C5EFCB988C /* Pods */,
			);
			sourceTree = "<group>";
		};
		C3B192E31C6C2D0C004A8704 /* Products */ = {
			isa = PBXGroup;
			children = (
				C3B192E21C6C2D0C004A8704 /* UvaDining.app */,
				C3B192F61C6C2D0C004A8704 /* UvaDiningTests.xctest */,
				C3B193011C6C2D0C004A8704 /* UvaDiningUITests.xctest */,
			);
			name = Products;
			sourceTree = "<group>";
		};
		C3B192E41C6C2D0C004A8704 /* UvaDining */ = {
			isa = PBXGroup;
			children = (
				C30A498C1CF239CD0048A0DC /* UvaDining.entitlements */,
				C3B192E51C6C2D0C004A8704 /* AppDelegate.swift */,
				C3ACD97A1CD6E618007233BA /* Main.storyboard */,
				C307087A1D07AD63006305B5 /* ViewControllers */,
				C30708781D076BBC006305B5 /* Constants.swift */,
				C3B192EC1C6C2D0C004A8704 /* Assets.xcassets */,
				C3B192EE1C6C2D0C004A8704 /* LaunchScreen.storyboard */,
				C3ACD9761CD6C5FF007233BA /* TableView.swift */,
				C3D188791CFCCD0E0094BCDC /* Model.swift */,
				C3ACD9741CD1B562007233BA /* Extensions.swift */,
				C3DBB80C1CEAB7110034AA52 /* Parent.swift */,
				C3B192F11C6C2D0C004A8704 /* Info.plist */,
			);
			path = UvaDining;
			sourceTree = "<group>";
		};
		C3B192F91C6C2D0C004A8704 /* UvaDiningTests */ = {
			isa = PBXGroup;
			children = (
				C3B192FA1C6C2D0C004A8704 /* UvaDiningTests.swift */,
				C3B192FC1C6C2D0C004A8704 /* Info.plist */,
			);
			path = UvaDiningTests;
			sourceTree = "<group>";
		};
		C3B193041C6C2D0C004A8704 /* UvaDiningUITests */ = {
			isa = PBXGroup;
			children = (
				C3B193051C6C2D0C004A8704 /* UvaDiningUITests.swift */,
				C3B193071C6C2D0C004A8704 /* Info.plist */,
			);
			path = UvaDiningUITests;
			sourceTree = "<group>";
		};
/* End PBXGroup section */

/* Begin PBXNativeTarget section */
		C3B192E11C6C2D0C004A8704 /* UvaDining */ = {
			isa = PBXNativeTarget;
			buildConfigurationList = C3B1930A1C6C2D0C004A8704 /* Build configuration list for PBXNativeTarget "UvaDining" */;
			buildPhases = (
				3FF0C89B5D4DEB110D05C526 /* [CP] Check Pods Manifest.lock */,
				C3B192DE1C6C2D0C004A8704 /* Sources */,
				C3B192DF1C6C2D0C004A8704 /* Frameworks */,
				C3B192E01C6C2D0C004A8704 /* Resources */,
				A1BAB276D711F49D1D68089F /* [CP] Embed Pods Frameworks */,
				ED2C7C5F73A6028065B54C48 /* [CP] Copy Pods Resources */,
			);
			buildRules = (
			);
			dependencies = (
			);
			name = UvaDining;
			productName = UvaDining;
			productReference = C3B192E21C6C2D0C004A8704 /* UvaDining.app */;
			productType = "com.apple.product-type.application";
		};
		C3B192F51C6C2D0C004A8704 /* UvaDiningTests */ = {
			isa = PBXNativeTarget;
			buildConfigurationList = C3B1930D1C6C2D0C004A8704 /* Build configuration list for PBXNativeTarget "UvaDiningTests" */;
			buildPhases = (
				C3B192F21C6C2D0C004A8704 /* Sources */,
				C3B192F31C6C2D0C004A8704 /* Frameworks */,
				C3B192F41C6C2D0C004A8704 /* Resources */,
			);
			buildRules = (
			);
			dependencies = (
				C3B192F81C6C2D0C004A8704 /* PBXTargetDependency */,
			);
			name = UvaDiningTests;
			productName = UvaDiningTests;
			productReference = C3B192F61C6C2D0C004A8704 /* UvaDiningTests.xctest */;
			productType = "com.apple.product-type.bundle.unit-test";
		};
		C3B193001C6C2D0C004A8704 /* UvaDiningUITests */ = {
			isa = PBXNativeTarget;
			buildConfigurationList = C3B193101C6C2D0C004A8704 /* Build configuration list for PBXNativeTarget "UvaDiningUITests" */;
			buildPhases = (
				C3B192FD1C6C2D0C004A8704 /* Sources */,
				C3B192FE1C6C2D0C004A8704 /* Frameworks */,
				C3B192FF1C6C2D0C004A8704 /* Resources */,
			);
			buildRules = (
			);
			dependencies = (
				C3B193031C6C2D0C004A8704 /* PBXTargetDependency */,
			);
			name = UvaDiningUITests;
			productName = UvaDiningUITests;
			productReference = C3B193011C6C2D0C004A8704 /* UvaDiningUITests.xctest */;
			productType = "com.apple.product-type.bundle.ui-testing";
		};
/* End PBXNativeTarget section */

/* Begin PBXProject section */
		C3B192DA1C6C2D0C004A8704 /* Project object */ = {
			isa = PBXProject;
			attributes = {
				LastSwiftUpdateCheck = 0730;
				LastUpgradeCheck = 0720;
				ORGANIZATIONNAME = "Justin Barry";
				TargetAttributes = {
					C3B192E11C6C2D0C004A8704 = {
						CreatedOnToolsVersion = 7.2;
						DevelopmentTeam = RYDGXK2H5F;
						LastSwiftMigration = 0810;
						SystemCapabilities = {
							com.apple.iCloud = {
								enabled = 1;
							};
						};
					};
					C3B192F51C6C2D0C004A8704 = {
						CreatedOnToolsVersion = 7.2;
						DevelopmentTeam = RKU2AZZ4R4;
						LastSwiftMigration = 0810;
						TestTargetID = C3B192E11C6C2D0C004A8704;
					};
					C3B193001C6C2D0C004A8704 = {
						CreatedOnToolsVersion = 7.2;
						DevelopmentTeam = RKU2AZZ4R4;
						LastSwiftMigration = 0810;
						TestTargetID = C3B192E11C6C2D0C004A8704;
					};
				};
			};
			buildConfigurationList = C3B192DD1C6C2D0C004A8704 /* Build configuration list for PBXProject "UvaDining" */;
			compatibilityVersion = "Xcode 3.2";
			developmentRegion = English;
			hasScannedForEncodings = 0;
			knownRegions = (
				en,
				Base,
			);
			mainGroup = C3B192D91C6C2D0C004A8704;
			productRefGroup = C3B192E31C6C2D0C004A8704 /* Products */;
			projectDirPath = "";
			projectRoot = "";
			targets = (
				C3B192E11C6C2D0C004A8704 /* UvaDining */,
				C3B192F51C6C2D0C004A8704 /* UvaDiningTests */,
				C3B193001C6C2D0C004A8704 /* UvaDiningUITests */,
			);
		};
/* End PBXProject section */

/* Begin PBXResourcesBuildPhase section */
		C3B192E01C6C2D0C004A8704 /* Resources */ = {
			isa = PBXResourcesBuildPhase;
			buildActionMask = 2147483647;
			files = (
				C3ACD97B1CD6E618007233BA /* Main.storyboard in Resources */,
				C3B192F01C6C2D0C004A8704 /* LaunchScreen.storyboard in Resources */,
				C38EE4551D43FD0B00D27885 /* ProductTableViewCell.xib in Resources */,
				C38EE44D1D402E8A00D27885 /* MIResizableTableViewSectionHeader.xib in Resources */,
				C38EE45C1D44015E00D27885 /* CategoryView.xib in Resources */,
				C3B192ED1C6C2D0C004A8704 /* Assets.xcassets in Resources */,
			);
			runOnlyForDeploymentPostprocessing = 0;
		};
		C3B192F41C6C2D0C004A8704 /* Resources */ = {
			isa = PBXResourcesBuildPhase;
			buildActionMask = 2147483647;
			files = (
			);
			runOnlyForDeploymentPostprocessing = 0;
		};
		C3B192FF1C6C2D0C004A8704 /* Resources */ = {
			isa = PBXResourcesBuildPhase;
			buildActionMask = 2147483647;
			files = (
			);
			runOnlyForDeploymentPostprocessing = 0;
		};
/* End PBXResourcesBuildPhase section */

/* Begin PBXShellScriptBuildPhase section */
		3FF0C89B5D4DEB110D05C526 /* [CP] Check Pods Manifest.lock */ = {
			isa = PBXShellScriptBuildPhase;
			buildActionMask = 2147483647;
			files = (
			);
			inputPaths = (
			);
			name = "[CP] Check Pods Manifest.lock";
			outputPaths = (
			);
			runOnlyForDeploymentPostprocessing = 0;
			shellPath = /bin/sh;
			shellScript = "diff \"${PODS_ROOT}/../Podfile.lock\" \"${PODS_ROOT}/Manifest.lock\" > /dev/null\nif [[ $? != 0 ]] ; then\n    cat << EOM\nerror: The sandbox is not in sync with the Podfile.lock. Run 'pod install' or update your CocoaPods installation.\nEOM\n    exit 1\nfi\n";
			showEnvVarsInLog = 0;
		};
		A1BAB276D711F49D1D68089F /* [CP] Embed Pods Frameworks */ = {
			isa = PBXShellScriptBuildPhase;
			buildActionMask = 2147483647;
			files = (
			);
			inputPaths = (
			);
			name = "[CP] Embed Pods Frameworks";
			outputPaths = (
			);
			runOnlyForDeploymentPostprocessing = 0;
			shellPath = /bin/sh;
			shellScript = "\"${SRCROOT}/Pods/Target Support Files/Pods-UvaDining/Pods-UvaDining-frameworks.sh\"\n";
			showEnvVarsInLog = 0;
		};
		ED2C7C5F73A6028065B54C48 /* [CP] Copy Pods Resources */ = {
			isa = PBXShellScriptBuildPhase;
			buildActionMask = 2147483647;
			files = (
			);
			inputPaths = (
			);
			name = "[CP] Copy Pods Resources";
			outputPaths = (
			);
			runOnlyForDeploymentPostprocessing = 0;
			shellPath = /bin/sh;
			shellScript = "\"${SRCROOT}/Pods/Target Support Files/Pods-UvaDining/Pods-UvaDining-resources.sh\"\n";
			showEnvVarsInLog = 0;
		};
/* End PBXShellScriptBuildPhase section */

/* Begin PBXSourcesBuildPhase section */
		C3B192DE1C6C2D0C004A8704 /* Sources */ = {
			isa = PBXSourcesBuildPhase;
			buildActionMask = 2147483647;
			files = (
				C38EE44F1D4090BF00D27885 /* ViewControllerMenu.swift in Sources */,
				C3D1887A1CFCCD0E0094BCDC /* Model.swift in Sources */,
				C38EE45B1D44015E00D27885 /* CategoryView.m in Sources */,
				C307087C1D07AD9F006305B5 /* ViewControllerSelection.swift in Sources */,
				C36F1A8D1D5BC6C7006A462E /* NavigationControllerSubClass.swift in Sources */,
				C30708771D074120006305B5 /* ViewControllerAbout.swift in Sources */,
				C30708791D076BBC006305B5 /* Constants.swift in Sources */,
				C38EE44B1D402E6E00D27885 /* MIResizableTableViewSectionHeader.m in Sources */,
				C38EE4541D43FD0B00D27885 /* ProductTableViewCell.m in Sources */,
				C3ACD9771CD6C5FF007233BA /* TableView.swift in Sources */,
				C3ACD9751CD1B562007233BA /* Extensions.swift in Sources */,
				C3B192E61C6C2D0C004A8704 /* AppDelegate.swift in Sources */,
				C3DBB80D1CEAB7110034AA52 /* Parent.swift in Sources */,
				C38EE4471D402DA300D27885 /* MIResizableTableView.m in Sources */,
			);
			runOnlyForDeploymentPostprocessing = 0;
		};
		C3B192F21C6C2D0C004A8704 /* Sources */ = {
			isa = PBXSourcesBuildPhase;
			buildActionMask = 2147483647;
			files = (
				C3B192FB1C6C2D0C004A8704 /* UvaDiningTests.swift in Sources */,
			);
			runOnlyForDeploymentPostprocessing = 0;
		};
		C3B192FD1C6C2D0C004A8704 /* Sources */ = {
			isa = PBXSourcesBuildPhase;
			buildActionMask = 2147483647;
			files = (
				C3B193061C6C2D0C004A8704 /* UvaDiningUITests.swift in Sources */,
			);
			runOnlyForDeploymentPostprocessing = 0;
		};
/* End PBXSourcesBuildPhase section */

/* Begin PBXTargetDependency section */
		C3B192F81C6C2D0C004A8704 /* PBXTargetDependency */ = {
			isa = PBXTargetDependency;
			target = C3B192E11C6C2D0C004A8704 /* UvaDining */;
			targetProxy = C3B192F71C6C2D0C004A8704 /* PBXContainerItemProxy */;
		};
		C3B193031C6C2D0C004A8704 /* PBXTargetDependency */ = {
			isa = PBXTargetDependency;
			target = C3B192E11C6C2D0C004A8704 /* UvaDining */;
			targetProxy = C3B193021C6C2D0C004A8704 /* PBXContainerItemProxy */;
		};
/* End PBXTargetDependency section */

/* Begin PBXVariantGroup section */
		C3B192EE1C6C2D0C004A8704 /* LaunchScreen.storyboard */ = {
			isa = PBXVariantGroup;
			children = (
				C3B192EF1C6C2D0C004A8704 /* Base */,
			);
			name = LaunchScreen.storyboard;
			sourceTree = "<group>";
		};
/* End PBXVariantGroup section */

/* Begin XCBuildConfiguration section */
		C3B193081C6C2D0C004A8704 /* Debug */ = {
			isa = XCBuildConfiguration;
			buildSettings = {
				ALWAYS_SEARCH_USER_PATHS = NO;
				CLANG_CXX_LANGUAGE_STANDARD = "gnu++0x";
				CLANG_CXX_LIBRARY = "libc++";
				CLANG_ENABLE_MODULES = YES;
				CLANG_ENABLE_OBJC_ARC = YES;
				CLANG_WARN_BOOL_CONVERSION = YES;
				CLANG_WARN_CONSTANT_CONVERSION = YES;
				CLANG_WARN_DIRECT_OBJC_ISA_USAGE = YES_ERROR;
				CLANG_WARN_EMPTY_BODY = YES;
				CLANG_WARN_ENUM_CONVERSION = YES;
				CLANG_WARN_INT_CONVERSION = YES;
				CLANG_WARN_OBJC_ROOT_CLASS = YES_ERROR;
				CLANG_WARN_UNREACHABLE_CODE = YES;
				CLANG_WARN__DUPLICATE_METHOD_MATCH = YES;
				"CODE_SIGN_IDENTITY[sdk=iphoneos*]" = "iPhone Developer";
				COPY_PHASE_STRIP = NO;
				DEBUG_INFORMATION_FORMAT = dwarf;
				ENABLE_STRICT_OBJC_MSGSEND = YES;
				ENABLE_TESTABILITY = YES;
				GCC_C_LANGUAGE_STANDARD = gnu99;
				GCC_DYNAMIC_NO_PIC = NO;
				GCC_NO_COMMON_BLOCKS = YES;
				GCC_OPTIMIZATION_LEVEL = 0;
				GCC_PREPROCESSOR_DEFINITIONS = (
					"DEBUG=1",
					"$(inherited)",
				);
				GCC_WARN_64_TO_32_BIT_CONVERSION = YES;
				GCC_WARN_ABOUT_RETURN_TYPE = YES_ERROR;
				GCC_WARN_UNDECLARED_SELECTOR = YES;
				GCC_WARN_UNINITIALIZED_AUTOS = YES_AGGRESSIVE;
				GCC_WARN_UNUSED_FUNCTION = YES;
				GCC_WARN_UNUSED_VARIABLE = YES;
				IPHONEOS_DEPLOYMENT_TARGET = 9.2;
				MTL_ENABLE_DEBUG_INFO = YES;
				ONLY_ACTIVE_ARCH = YES;
				SDKROOT = iphoneos;
				SWIFT_OPTIMIZATION_LEVEL = "-Onone";
			};
			name = Debug;
		};
		C3B193091C6C2D0C004A8704 /* Release */ = {
			isa = XCBuildConfiguration;
			buildSettings = {
				ALWAYS_SEARCH_USER_PATHS = NO;
				CLANG_CXX_LANGUAGE_STANDARD = "gnu++0x";
				CLANG_CXX_LIBRARY = "libc++";
				CLANG_ENABLE_MODULES = YES;
				CLANG_ENABLE_OBJC_ARC = YES;
				CLANG_WARN_BOOL_CONVERSION = YES;
				CLANG_WARN_CONSTANT_CONVERSION = YES;
				CLANG_WARN_DIRECT_OBJC_ISA_USAGE = YES_ERROR;
				CLANG_WARN_EMPTY_BODY = YES;
				CLANG_WARN_ENUM_CONVERSION = YES;
				CLANG_WARN_INT_CONVERSION = YES;
				CLANG_WARN_OBJC_ROOT_CLASS = YES_ERROR;
				CLANG_WARN_UNREACHABLE_CODE = YES;
				CLANG_WARN__DUPLICATE_METHOD_MATCH = YES;
				"CODE_SIGN_IDENTITY[sdk=iphoneos*]" = "iPhone Developer";
				COPY_PHASE_STRIP = NO;
				DEBUG_INFORMATION_FORMAT = "dwarf-with-dsym";
				ENABLE_NS_ASSERTIONS = NO;
				ENABLE_STRICT_OBJC_MSGSEND = YES;
				GCC_C_LANGUAGE_STANDARD = gnu99;
				GCC_NO_COMMON_BLOCKS = YES;
				GCC_WARN_64_TO_32_BIT_CONVERSION = YES;
				GCC_WARN_ABOUT_RETURN_TYPE = YES_ERROR;
				GCC_WARN_UNDECLARED_SELECTOR = YES;
				GCC_WARN_UNINITIALIZED_AUTOS = YES_AGGRESSIVE;
				GCC_WARN_UNUSED_FUNCTION = YES;
				GCC_WARN_UNUSED_VARIABLE = YES;
				IPHONEOS_DEPLOYMENT_TARGET = 9.2;
				MTL_ENABLE_DEBUG_INFO = NO;
				SDKROOT = iphoneos;
				VALIDATE_PRODUCT = YES;
			};
			name = Release;
		};
		C3B1930B1C6C2D0C004A8704 /* Debug */ = {
			isa = XCBuildConfiguration;
			baseConfigurationReference = ABFB61040CCA70BB90B283A1 /* Pods-UvaDining.debug.xcconfig */;
			buildSettings = {
				ALWAYS_SEARCH_USER_PATHS = YES;
				ASSETCATALOG_COMPILER_APPICON_NAME = AppIcon;
				CLANG_ENABLE_MODULES = YES;
				CODE_SIGN_ENTITLEMENTS = UvaDining/UvaDining.entitlements;
				CODE_SIGN_IDENTITY = "iPhone Developer";
				"CODE_SIGN_IDENTITY[sdk=iphoneos*]" = "iPhone Developer";
				HEADER_SEARCH_PATHS = "$(SDKROOT)/usr/include/libxml2";
				INFOPLIST_FILE = UvaDining/Info.plist;
				LD_RUNPATH_SEARCH_PATHS = "$(inherited) @executable_path/Frameworks";
				PRODUCT_BUNDLE_IDENTIFIER = Jblb.UvaDiningMenu;
				PRODUCT_NAME = "$(TARGET_NAME)";
				PROVISIONING_PROFILE = "";
				SWIFT_OBJC_BRIDGING_HEADER = "UvaDining-Bridging-Header.h";
				SWIFT_OPTIMIZATION_LEVEL = "-Onone";
				SWIFT_VERSION = 2.3;
				TARGETED_DEVICE_FAMILY = 1;
			};
			name = Debug;
		};
		C3B1930C1C6C2D0C004A8704 /* Release */ = {
			isa = XCBuildConfiguration;
			baseConfigurationReference = A859E333E49F6B2AFF40CF0C /* Pods-UvaDining.release.xcconfig */;
			buildSettings = {
				ALWAYS_SEARCH_USER_PATHS = YES;
				ASSETCATALOG_COMPILER_APPICON_NAME = AppIcon;
				CLANG_ENABLE_MODULES = YES;
				CODE_SIGN_ENTITLEMENTS = UvaDining/UvaDining.entitlements;
				CODE_SIGN_IDENTITY = "iPhone Developer";
				"CODE_SIGN_IDENTITY[sdk=iphoneos*]" = "iPhone Developer";
				HEADER_SEARCH_PATHS = "$(SDKROOT)/usr/include/libxml2";
				INFOPLIST_FILE = UvaDining/Info.plist;
				LD_RUNPATH_SEARCH_PATHS = "$(inherited) @executable_path/Frameworks";
				PRODUCT_BUNDLE_IDENTIFIER = Jblb.UvaDiningMenu;
				PRODUCT_NAME = "$(TARGET_NAME)";
				PROVISIONING_PROFILE = "";
				SWIFT_OBJC_BRIDGING_HEADER = "UvaDining-Bridging-Header.h";
				SWIFT_VERSION = 2.3;
				TARGETED_DEVICE_FAMILY = 1;
			};
			name = Release;
		};
		C3B1930E1C6C2D0C004A8704 /* Debug */ = {
			isa = XCBuildConfiguration;
			buildSettings = {
				BUNDLE_LOADER = "$(TEST_HOST)";
				INFOPLIST_FILE = UvaDiningTests/Info.plist;
				LD_RUNPATH_SEARCH_PATHS = "$(inherited) @executable_path/Frameworks @loader_path/Frameworks";
				PRODUCT_BUNDLE_IDENTIFIER = Jblb.UvaDiningTests;
				PRODUCT_NAME = "$(TARGET_NAME)";
				SWIFT_VERSION = 2.3;
				TEST_HOST = "$(BUILT_PRODUCTS_DIR)/UvaDining.app/UvaDining";
			};
			name = Debug;
		};
		C3B1930F1C6C2D0C004A8704 /* Release */ = {
			isa = XCBuildConfiguration;
			buildSettings = {
				BUNDLE_LOADER = "$(TEST_HOST)";
				INFOPLIST_FILE = UvaDiningTests/Info.plist;
				LD_RUNPATH_SEARCH_PATHS = "$(inherited) @executable_path/Frameworks @loader_path/Frameworks";
				PRODUCT_BUNDLE_IDENTIFIER = Jblb.UvaDiningTests;
				PRODUCT_NAME = "$(TARGET_NAME)";
				SWIFT_VERSION = 2.3;
				TEST_HOST = "$(BUILT_PRODUCTS_DIR)/UvaDining.app/UvaDining";
			};
			name = Release;
		};
		C3B193111C6C2D0C004A8704 /* Debug */ = {
			isa = XCBuildConfiguration;
			buildSettings = {
				INFOPLIST_FILE = UvaDiningUITests/Info.plist;
				LD_RUNPATH_SEARCH_PATHS = "$(inherited) @executable_path/Frameworks @loader_path/Frameworks";
				PRODUCT_BUNDLE_IDENTIFIER = Jblb.UvaDiningUITests;
				PRODUCT_NAME = "$(TARGET_NAME)";
				SWIFT_VERSION = 2.3;
				TEST_TARGET_NAME = UvaDining;
				USES_XCTRUNNER = YES;
			};
			name = Debug;
		};
		C3B193121C6C2D0C004A8704 /* Release */ = {
			isa = XCBuildConfiguration;
			buildSettings = {
				INFOPLIST_FILE = UvaDiningUITests/Info.plist;
				LD_RUNPATH_SEARCH_PATHS = "$(inherited) @executable_path/Frameworks @loader_path/Frameworks";
				PRODUCT_BUNDLE_IDENTIFIER = Jblb.UvaDiningUITests;
				PRODUCT_NAME = "$(TARGET_NAME)";
				SWIFT_VERSION = 2.3;
				TEST_TARGET_NAME = UvaDining;
				USES_XCTRUNNER = YES;
			};
			name = Release;
		};
/* End XCBuildConfiguration section */

/* Begin XCConfigurationList section */
		C3B192DD1C6C2D0C004A8704 /* Build configuration list for PBXProject "UvaDining" */ = {
			isa = XCConfigurationList;
			buildConfigurations = (
				C3B193081C6C2D0C004A8704 /* Debug */,
				C3B193091C6C2D0C004A8704 /* Release */,
			);
			defaultConfigurationIsVisible = 0;
			defaultConfigurationName = Release;
		};
		C3B1930A1C6C2D0C004A8704 /* Build configuration list for PBXNativeTarget "UvaDining" */ = {
			isa = XCConfigurationList;
			buildConfigurations = (
				C3B1930B1C6C2D0C004A8704 /* Debug */,
				C3B1930C1C6C2D0C004A8704 /* Release */,
			);
			defaultConfigurationIsVisible = 0;
			defaultConfigurationName = Release;
		};
		C3B1930D1C6C2D0C004A8704 /* Build configuration list for PBXNativeTarget "UvaDiningTests" */ = {
			isa = XCConfigurationList;
			buildConfigurations = (
				C3B1930E1C6C2D0C004A8704 /* Debug */,
				C3B1930F1C6C2D0C004A8704 /* Release */,
			);
			defaultConfigurationIsVisible = 0;
			defaultConfigurationName = Release;
		};
		C3B193101C6C2D0C004A8704 /* Build configuration list for PBXNativeTarget "UvaDiningUITests" */ = {
			isa = XCConfigurationList;
			buildConfigurations = (
				C3B193111C6C2D0C004A8704 /* Debug */,
				C3B193121C6C2D0C004A8704 /* Release */,
			);
			defaultConfigurationIsVisible = 0;
			defaultConfigurationName = Release;
		};
/* End XCConfigurationList section */
	};
	rootObject = C3B192DA1C6C2D0C004A8704 /* Project object */;
}
